// !$*UTF8*$!
{
	archiveVersion = 1;
	classes = {
	};
	objectVersion = 46;
	objects = {

/* Begin PBXBuildFile section */
		559565DD15153C6800D78AC8 /* Header.m in Sources */ = {isa = PBXBuildFile; fileRef = 559565DC15153C6800D78AC8 /* Header.m */; };
		55BCFAE2151298EF00464FE9 /* Cocoa.framework in Frameworks */ = {isa = PBXBuildFile; fileRef = 55BCFAE1151298EF00464FE9 /* Cocoa.framework */; };
		55BCFAEC151298EF00464FE9 /* InfoPlist.strings in Resources */ = {isa = PBXBuildFile; fileRef = 55BCFAEA151298EF00464FE9 /* InfoPlist.strings */; };
		55BCFAEE151298EF00464FE9 /* main.m in Sources */ = {isa = PBXBuildFile; fileRef = 55BCFAED151298EF00464FE9 /* main.m */; };
		55BCFAF2151298EF00464FE9 /* Credits.rtf in Resources */ = {isa = PBXBuildFile; fileRef = 55BCFAF0151298EF00464FE9 /* Credits.rtf */; };
		55BCFAF5151298EF00464FE9 /* AppDelegate.m in Sources */ = {isa = PBXBuildFile; fileRef = 55BCFAF4151298EF00464FE9 /* AppDelegate.m */; };
		55BCFAF8151298EF00464FE9 /* MainMenu.xib in Resources */ = {isa = PBXBuildFile; fileRef = 55BCFAF6151298EF00464FE9 /* MainMenu.xib */; };
		55BCFB00151298EF00464FE9 /* SenTestingKit.framework in Frameworks */ = {isa = PBXBuildFile; fileRef = 55BCFAFF151298EF00464FE9 /* SenTestingKit.framework */; };
		55BCFB01151298EF00464FE9 /* Cocoa.framework in Frameworks */ = {isa = PBXBuildFile; fileRef = 55BCFAE1151298EF00464FE9 /* Cocoa.framework */; };
		55BCFB09151298EF00464FE9 /* InfoPlist.strings in Resources */ = {isa = PBXBuildFile; fileRef = 55BCFB07151298EF00464FE9 /* InfoPlist.strings */; };
		55BCFB0C151298EF00464FE9 /* UserAgentTests.m in Sources */ = {isa = PBXBuildFile; fileRef = 55BCFB0B151298EF00464FE9 /* UserAgentTests.m */; };
/* End PBXBuildFile section */

/* Begin PBXContainerItemProxy section */
		55BCFB02151298EF00464FE9 /* PBXContainerItemProxy */ = {
			isa = PBXContainerItemProxy;
			containerPortal = 55BCFAD4151298EE00464FE9 /* Project object */;
			proxyType = 1;
			remoteGlobalIDString = 55BCFADC151298EF00464FE9;
			remoteInfo = UserAgent;
		};
/* End PBXContainerItemProxy section */

/* Begin PBXFileReference section */
		559565DB15153C6700D78AC8 /* Header.h */ = {isa = PBXFileReference; fileEncoding = 4; lastKnownFileType = sourcecode.c.h; path = Header.h; sourceTree = "<group>"; };
		559565DC15153C6800D78AC8 /* Header.m */ = {isa = PBXFileReference; fileEncoding = 4; lastKnownFileType = sourcecode.c.objc; path = Header.m; sourceTree = "<group>"; };
		55BCFADD151298EF00464FE9 /* UserAgent.app */ = {isa = PBXFileReference; explicitFileType = wrapper.application; includeInIndex = 0; path = UserAgent.app; sourceTree = BUILT_PRODUCTS_DIR; };
		55BCFAE1151298EF00464FE9 /* Cocoa.framework */ = {isa = PBXFileReference; lastKnownFileType = wrapper.framework; name = Cocoa.framework; path = System/Library/Frameworks/Cocoa.framework; sourceTree = SDKROOT; };
		55BCFAE4151298EF00464FE9 /* AppKit.framework */ = {isa = PBXFileReference; lastKnownFileType = wrapper.framework; name = AppKit.framework; path = System/Library/Frameworks/AppKit.framework; sourceTree = SDKROOT; };
		55BCFAE5151298EF00464FE9 /* CoreData.framework */ = {isa = PBXFileReference; lastKnownFileType = wrapper.framework; name = CoreData.framework; path = System/Library/Frameworks/CoreData.framework; sourceTree = SDKROOT; };
		55BCFAE6151298EF00464FE9 /* Foundation.framework */ = {isa = PBXFileReference; lastKnownFileType = wrapper.framework; name = Foundation.framework; path = System/Library/Frameworks/Foundation.framework; sourceTree = SDKROOT; };
		55BCFAE9151298EF00464FE9 /* UserAgent-Info.plist */ = {isa = PBXFileReference; lastKnownFileType = text.plist.xml; path = "UserAgent-Info.plist"; sourceTree = "<group>"; };
		55BCFAEB151298EF00464FE9 /* en */ = {isa = PBXFileReference; lastKnownFileType = text.plist.strings; name = en; path = en.lproj/InfoPlist.strings; sourceTree = "<group>"; };
		55BCFAED151298EF00464FE9 /* main.m */ = {isa = PBXFileReference; lastKnownFileType = sourcecode.c.objc; path = main.m; sourceTree = "<group>"; };
		55BCFAEF151298EF00464FE9 /* UserAgent-Prefix.pch */ = {isa = PBXFileReference; lastKnownFileType = sourcecode.c.h; path = "UserAgent-Prefix.pch"; sourceTree = "<group>"; };
		55BCFAF1151298EF00464FE9 /* en */ = {isa = PBXFileReference; lastKnownFileType = text.rtf; name = en; path = en.lproj/Credits.rtf; sourceTree = "<group>"; };
		55BCFAF3151298EF00464FE9 /* AppDelegate.h */ = {isa = PBXFileReference; lastKnownFileType = sourcecode.c.h; path = AppDelegate.h; sourceTree = "<group>"; };
		55BCFAF4151298EF00464FE9 /* AppDelegate.m */ = {isa = PBXFileReference; lastKnownFileType = sourcecode.c.objc; path = AppDelegate.m; sourceTree = "<group>"; };
		55BCFAF7151298EF00464FE9 /* en */ = {isa = PBXFileReference; lastKnownFileType = file.xib; name = en; path = en.lproj/MainMenu.xib; sourceTree = "<group>"; };
		55BCFAFE151298EF00464FE9 /* UserAgentTests.octest */ = {isa = PBXFileReference; explicitFileType = wrapper.cfbundle; includeInIndex = 0; path = UserAgentTests.octest; sourceTree = BUILT_PRODUCTS_DIR; };
		55BCFAFF151298EF00464FE9 /* SenTestingKit.framework */ = {isa = PBXFileReference; lastKnownFileType = wrapper.framework; name = SenTestingKit.framework; path = Library/Frameworks/SenTestingKit.framework; sourceTree = DEVELOPER_DIR; };
		55BCFB06151298EF00464FE9 /* UserAgentTests-Info.plist */ = {isa = PBXFileReference; lastKnownFileType = text.plist.xml; path = "UserAgentTests-Info.plist"; sourceTree = "<group>"; };
		55BCFB08151298EF00464FE9 /* en */ = {isa = PBXFileReference; lastKnownFileType = text.plist.strings; name = en; path = en.lproj/InfoPlist.strings; sourceTree = "<group>"; };
		55BCFB0A151298EF00464FE9 /* UserAgentTests.h */ = {isa = PBXFileReference; lastKnownFileType = sourcecode.c.h; path = UserAgentTests.h; sourceTree = "<group>"; };
		55BCFB0B151298EF00464FE9 /* UserAgentTests.m */ = {isa = PBXFileReference; lastKnownFileType = sourcecode.c.objc; path = UserAgentTests.m; sourceTree = "<group>"; };
/* End PBXFileReference section */

/* Begin PBXFrameworksBuildPhase section */
		55BCFADA151298EF00464FE9 /* Frameworks */ = {
			isa = PBXFrameworksBuildPhase;
			buildActionMask = 2147483647;
			files = (
				55BCFAE2151298EF00464FE9 /* Cocoa.framework in Frameworks */,
			);
			runOnlyForDeploymentPostprocessing = 0;
		};
		55BCFAFA151298EF00464FE9 /* Frameworks */ = {
			isa = PBXFrameworksBuildPhase;
			buildActionMask = 2147483647;
			files = (
				55BCFB00151298EF00464FE9 /* SenTestingKit.framework in Frameworks */,
				55BCFB01151298EF00464FE9 /* Cocoa.framework in Frameworks */,
			);
			runOnlyForDeploymentPostprocessing = 0;
		};
/* End PBXFrameworksBuildPhase section */

/* Begin PBXGroup section */
		55BCFAD2151298EE00464FE9 = {
			isa = PBXGroup;
			children = (
				55BCFAE7151298EF00464FE9 /* UserAgent */,
				55BCFB04151298EF00464FE9 /* UserAgentTests */,
				55BCFAE0151298EF00464FE9 /* Frameworks */,
				55BCFADE151298EF00464FE9 /* Products */,
			);
			sourceTree = "<group>";
		};
		55BCFADE151298EF00464FE9 /* Products */ = {
			isa = PBXGroup;
			children = (
				55BCFADD151298EF00464FE9 /* UserAgent.app */,
				55BCFAFE151298EF00464FE9 /* UserAgentTests.octest */,
			);
			name = Products;
			sourceTree = "<group>";
		};
		55BCFAE0151298EF00464FE9 /* Frameworks */ = {
			isa = PBXGroup;
			children = (
				55BCFAE1151298EF00464FE9 /* Cocoa.framework */,
				55BCFAFF151298EF00464FE9 /* SenTestingKit.framework */,
				55BCFAE3151298EF00464FE9 /* Other Frameworks */,
			);
			name = Frameworks;
			sourceTree = "<group>";
		};
		55BCFAE3151298EF00464FE9 /* Other Frameworks */ = {
			isa = PBXGroup;
			children = (
				55BCFAE4151298EF00464FE9 /* AppKit.framework */,
				55BCFAE5151298EF00464FE9 /* CoreData.framework */,
				55BCFAE6151298EF00464FE9 /* Foundation.framework */,
			);
			name = "Other Frameworks";
			sourceTree = "<group>";
		};
		55BCFAE7151298EF00464FE9 /* UserAgent */ = {
			isa = PBXGroup;
			children = (
				55BCFAF3151298EF00464FE9 /* AppDelegate.h */,
				55BCFAF4151298EF00464FE9 /* AppDelegate.m */,
				55BCFAF6151298EF00464FE9 /* MainMenu.xib */,
				55BCFAE8151298EF00464FE9 /* Supporting Files */,
				559565DB15153C6700D78AC8 /* Header.h */,
				559565DC15153C6800D78AC8 /* Header.m */,
			);
			path = UserAgent;
			sourceTree = "<group>";
		};
		55BCFAE8151298EF00464FE9 /* Supporting Files */ = {
			isa = PBXGroup;
			children = (
				55BCFAE9151298EF00464FE9 /* UserAgent-Info.plist */,
				55BCFAEA151298EF00464FE9 /* InfoPlist.strings */,
				55BCFAED151298EF00464FE9 /* main.m */,
				55BCFAEF151298EF00464FE9 /* UserAgent-Prefix.pch */,
				55BCFAF0151298EF00464FE9 /* Credits.rtf */,
			);
			name = "Supporting Files";
			sourceTree = "<group>";
		};
		55BCFB04151298EF00464FE9 /* UserAgentTests */ = {
			isa = PBXGroup;
			children = (
				55BCFB0A151298EF00464FE9 /* UserAgentTests.h */,
				55BCFB0B151298EF00464FE9 /* UserAgentTests.m */,
				55BCFB05151298EF00464FE9 /* Supporting Files */,
			);
			path = UserAgentTests;
			sourceTree = "<group>";
		};
		55BCFB05151298EF00464FE9 /* Supporting Files */ = {
			isa = PBXGroup;
			children = (
				55BCFB06151298EF00464FE9 /* UserAgentTests-Info.plist */,
				55BCFB07151298EF00464FE9 /* InfoPlist.strings */,
			);
			name = "Supporting Files";
			sourceTree = "<group>";
		};
/* End PBXGroup section */

/* Begin PBXNativeTarget section */
		55BCFADC151298EF00464FE9 /* UserAgent */ = {
			isa = PBXNativeTarget;
			buildConfigurationList = 55BCFB0F151298EF00464FE9 /* Build configuration list for PBXNativeTarget "UserAgent" */;
			buildPhases = (
				55BCFAD9151298EF00464FE9 /* Sources */,
				55BCFADA151298EF00464FE9 /* Frameworks */,
				55BCFADB151298EF00464FE9 /* Resources */,
			);
			buildRules = (
			);
			dependencies = (
			);
			name = UserAgent;
			productName = UserAgent;
			productReference = 55BCFADD151298EF00464FE9 /* UserAgent.app */;
			productType = "com.apple.product-type.application";
		};
		55BCFAFD151298EF00464FE9 /* UserAgentTests */ = {
			isa = PBXNativeTarget;
			buildConfigurationList = 55BCFB12151298EF00464FE9 /* Build configuration list for PBXNativeTarget "UserAgentTests" */;
			buildPhases = (
				55BCFAF9151298EF00464FE9 /* Sources */,
				55BCFAFA151298EF00464FE9 /* Frameworks */,
				55BCFAFB151298EF00464FE9 /* Resources */,
				55BCFAFC151298EF00464FE9 /* ShellScript */,
			);
			buildRules = (
			);
			dependencies = (
				55BCFB03151298EF00464FE9 /* PBXTargetDependency */,
			);
			name = UserAgentTests;
			productName = UserAgentTests;
			productReference = 55BCFAFE151298EF00464FE9 /* UserAgentTests.octest */;
			productType = "com.apple.product-type.bundle";
		};
/* End PBXNativeTarget section */

/* Begin PBXProject section */
		55BCFAD4151298EE00464FE9 /* Project object */ = {
			isa = PBXProject;
			attributes = {
				LastUpgradeCheck = 0420;
			};
			buildConfigurationList = 55BCFAD7151298EE00464FE9 /* Build configuration list for PBXProject "UserAgent" */;
			compatibilityVersion = "Xcode 3.2";
			developmentRegion = English;
			hasScannedForEncodings = 0;
			knownRegions = (
				en,
			);
			mainGroup = 55BCFAD2151298EE00464FE9;
			productRefGroup = 55BCFADE151298EF00464FE9 /* Products */;
			projectDirPath = "";
			projectRoot = "";
			targets = (
				55BCFADC151298EF00464FE9 /* UserAgent */,
				55BCFAFD151298EF00464FE9 /* UserAgentTests */,
			);
		};
/* End PBXProject section */

/* Begin PBXResourcesBuildPhase section */
		55BCFADB151298EF00464FE9 /* Resources */ = {
			isa = PBXResourcesBuildPhase;
			buildActionMask = 2147483647;
			files = (
				55BCFAEC151298EF00464FE9 /* InfoPlist.strings in Resources */,
				55BCFAF2151298EF00464FE9 /* Credits.rtf in Resources */,
				55BCFAF8151298EF00464FE9 /* MainMenu.xib in Resources */,
			);
			runOnlyForDeploymentPostprocessing = 0;
		};
		55BCFAFB151298EF00464FE9 /* Resources */ = {
			isa = PBXResourcesBuildPhase;
			buildActionMask = 2147483647;
			files = (
				55BCFB09151298EF00464FE9 /* InfoPlist.strings in Resources */,
			);
			runOnlyForDeploymentPostprocessing = 0;
		};
/* End PBXResourcesBuildPhase section */

/* Begin PBXShellScriptBuildPhase section */
		55BCFAFC151298EF00464FE9 /* ShellScript */ = {
			isa = PBXShellScriptBuildPhase;
			buildActionMask = 2147483647;
			files = (
			);
			inputPaths = (
			);
			outputPaths = (
			);
			runOnlyForDeploymentPostprocessing = 0;
			shellPath = /bin/sh;
			shellScript = "# Run the unit tests in this test bundle.\n\"${SYSTEM_DEVELOPER_DIR}/Tools/RunUnitTests\"\n";
		};
/* End PBXShellScriptBuildPhase section */

/* Begin PBXSourcesBuildPhase section */
		55BCFAD9151298EF00464FE9 /* Sources */ = {
			isa = PBXSourcesBuildPhase;
			buildActionMask = 2147483647;
			files = (
				55BCFAEE151298EF00464FE9 /* main.m in Sources */,
				55BCFAF5151298EF00464FE9 /* AppDelegate.m in Sources */,
				559565DD15153C6800D78AC8 /* Header.m in Sources */,
			);
			runOnlyForDeploymentPostprocessing = 0;
		};
		55BCFAF9151298EF00464FE9 /* Sources */ = {
			isa = PBXSourcesBuildPhase;
			buildActionMask = 2147483647;
			files = (
				55BCFB0C151298EF00464FE9 /* UserAgentTests.m in Sources */,
			);
			runOnlyForDeploymentPostprocessing = 0;
		};
/* End PBXSourcesBuildPhase section */

/* Begin PBXTargetDependency section */
		55BCFB03151298EF00464FE9 /* PBXTargetDependency */ = {
			isa = PBXTargetDependency;
			target = 55BCFADC151298EF00464FE9 /* UserAgent */;
			targetProxy = 55BCFB02151298EF00464FE9 /* PBXContainerItemProxy */;
		};
/* End PBXTargetDependency section */

/* Begin PBXVariantGroup section */
		55BCFAEA151298EF00464FE9 /* InfoPlist.strings */ = {
			isa = PBXVariantGroup;
			children = (
				55BCFAEB151298EF00464FE9 /* en */,
			);
			name = InfoPlist.strings;
			sourceTree = "<group>";
		};
		55BCFAF0151298EF00464FE9 /* Credits.rtf */ = {
			isa = PBXVariantGroup;
			children = (
				55BCFAF1151298EF00464FE9 /* en */,
			);
			name = Credits.rtf;
			sourceTree = "<group>";
		};
		55BCFAF6151298EF00464FE9 /* MainMenu.xib */ = {
			isa = PBXVariantGroup;
			children = (
				55BCFAF7151298EF00464FE9 /* en */,
			);
			name = MainMenu.xib;
			sourceTree = "<group>";
		};
		55BCFB07151298EF00464FE9 /* InfoPlist.strings */ = {
			isa = PBXVariantGroup;
			children = (
				55BCFB08151298EF00464FE9 /* en */,
			);
			name = InfoPlist.strings;
			sourceTree = "<group>";
		};
/* End PBXVariantGroup section */

/* Begin XCBuildConfiguration section */
		55BCFB0D151298EF00464FE9 /* Debug */ = {
			isa = XCBuildConfiguration;
			buildSettings = {
				ALWAYS_SEARCH_USER_PATHS = NO;
				ARCHS = "$(ARCHS_STANDARD_64_BIT)";
				CLANG_ENABLE_OBJC_ARC = YES;
				COPY_PHASE_STRIP = NO;
				GCC_C_LANGUAGE_STANDARD = gnu99;
				GCC_DYNAMIC_NO_PIC = NO;
				GCC_ENABLE_OBJC_EXCEPTIONS = YES;
				GCC_OPTIMIZATION_LEVEL = 0;
				GCC_PREPROCESSOR_DEFINITIONS = (
					"DEBUG=1",
					"$(inherited)",
				);
				GCC_SYMBOLS_PRIVATE_EXTERN = NO;
				GCC_VERSION = com.apple.compilers.llvm.clang.1_0;
				GCC_WARN_64_TO_32_BIT_CONVERSION = YES;
				GCC_WARN_ABOUT_MISSING_PROTOTYPES = YES;
				GCC_WARN_ABOUT_RETURN_TYPE = YES;
				GCC_WARN_UNUSED_VARIABLE = YES;
				MACOSX_DEPLOYMENT_TARGET = 10.7;
				ONLY_ACTIVE_ARCH = YES;
				SDKROOT = macosx;
			};
			name = Debug;
		};
		55BCFB0E151298EF00464FE9 /* Release */ = {
			isa = XCBuildConfiguration;
			buildSettings = {
				ALWAYS_SEARCH_USER_PATHS = NO;
				ARCHS = "$(ARCHS_STANDARD_64_BIT)";
				CLANG_ENABLE_OBJC_ARC = YES;
				COPY_PHASE_STRIP = YES;
				DEBUG_INFORMATION_FORMAT = "dwarf-with-dsym";
				GCC_C_LANGUAGE_STANDARD = gnu99;
				GCC_ENABLE_OBJC_EXCEPTIONS = YES;
				GCC_VERSION = com.apple.compilers.llvm.clang.1_0;
				GCC_WARN_64_TO_32_BIT_CONVERSION = YES;
				GCC_WARN_ABOUT_MISSING_PROTOTYPES = YES;
				GCC_WARN_ABOUT_RETURN_TYPE = YES;
				GCC_WARN_UNUSED_VARIABLE = YES;
				MACOSX_DEPLOYMENT_TARGET = 10.7;
				SDKROOT = macosx;
			};
			name = Release;
		};
		55BCFB10151298EF00464FE9 /* Debug */ = {
			isa = XCBuildConfiguration;
			buildSettings = {
				GCC_PRECOMPILE_PREFIX_HEADER = YES;
				GCC_PREFIX_HEADER = "UserAgent/UserAgent-Prefix.pch";
				INFOPLIST_FILE = "UserAgent/UserAgent-Info.plist";
				PRODUCT_NAME = "$(TARGET_NAME)";
				WRAPPER_EXTENSION = app;
			};
			name = Debug;
		};
		55BCFB11151298EF00464FE9 /* Release */ = {
			isa = XCBuildConfiguration;
			buildSettings = {
				GCC_PRECOMPILE_PREFIX_HEADER = YES;
				GCC_PREFIX_HEADER = "UserAgent/UserAgent-Prefix.pch";
				INFOPLIST_FILE = "UserAgent/UserAgent-Info.plist";
				PRODUCT_NAME = "$(TARGET_NAME)";
				WRAPPER_EXTENSION = app;
			};
			name = Release;
		};
		55BCFB13151298EF00464FE9 /* Debug */ = {
			isa = XCBuildConfiguration;
			buildSettings = {
				BUNDLE_LOADER = "$(BUILT_PRODUCTS_DIR)/UserAgent.app/Contents/MacOS/UserAgent";
				FRAMEWORK_SEARCH_PATHS = "$(DEVELOPER_LIBRARY_DIR)/Frameworks";
				GCC_PRECOMPILE_PREFIX_HEADER = YES;
				GCC_PREFIX_HEADER = "UserAgent/UserAgent-Prefix.pch";
				INFOPLIST_FILE = "UserAgentTests/UserAgentTests-Info.plist";
				PRODUCT_NAME = "$(TARGET_NAME)";
				TEST_HOST = "$(BUNDLE_LOADER)";
				WRAPPER_EXTENSION = octest;
			};
			name = Debug;
		};
		55BCFB14151298EF00464FE9 /* Release */ = {
			isa = XCBuildConfiguration;
			buildSettings = {
				BUNDLE_LOADER = "$(BUILT_PRODUCTS_DIR)/UserAgent.app/Contents/MacOS/UserAgent";
				FRAMEWORK_SEARCH_PATHS = "$(DEVELOPER_LIBRARY_DIR)/Frameworks";
				GCC_PRECOMPILE_PREFIX_HEADER = YES;
				GCC_PREFIX_HEADER = "UserAgent/UserAgent-Prefix.pch";
				INFOPLIST_FILE = "UserAgentTests/UserAgentTests-Info.plist";
				PRODUCT_NAME = "$(TARGET_NAME)";
				TEST_HOST = "$(BUNDLE_LOADER)";
				WRAPPER_EXTENSION = octest;
			};
			name = Release;
		};
/* End XCBuildConfiguration section */

/* Begin XCConfigurationList section */
		55BCFAD7151298EE00464FE9 /* Build configuration list for PBXProject "UserAgent" */ = {
			isa = XCConfigurationList;
			buildConfigurations = (
				55BCFB0D151298EF00464FE9 /* Debug */,
				55BCFB0E151298EF00464FE9 /* Release */,
			);
			defaultConfigurationIsVisible = 0;
			defaultConfigurationName = Release;
		};
		55BCFB0F151298EF00464FE9 /* Build configuration list for PBXNativeTarget "UserAgent" */ = {
			isa = XCConfigurationList;
			buildConfigurations = (
				55BCFB10151298EF00464FE9 /* Debug */,
				55BCFB11151298EF00464FE9 /* Release */,
			);
			defaultConfigurationIsVisible = 0;
			defaultConfigurationName = Release;
		};
		55BCFB12151298EF00464FE9 /* Build configuration list for PBXNativeTarget "UserAgentTests" */ = {
			isa = XCConfigurationList;
			buildConfigurations = (
				55BCFB13151298EF00464FE9 /* Debug */,
				55BCFB14151298EF00464FE9 /* Release */,
			);
			defaultConfigurationIsVisible = 0;
			defaultConfigurationName = Release;
		};
/* End XCConfigurationList section */
	};
	rootObject = 55BCFAD4151298EE00464FE9 /* Project object */;
}
